
Microsoft Visual Studio Solution File, Format Version 12.00
# Visual Studio 15
Project("{FAE04EC0-301F-11D3-BF4B-00C04F79EFBC}") = "큐스택.Android", "큐스택.Android\큐스택.Android.csproj", "{F787B08B-A9AE-4BE5-8DF7-4CD948E95CE9}"
EndProject
Project("{FAE04EC0-301F-11D3-BF4B-00C04F79EFBC}") = "큐스택.iOS", "큐스택.iOS\큐스택.iOS.csproj", "{A7AFF5A4-9D2C-4DC3-A26B-E330F60292C6}"
EndProject
Project("{FAE04EC0-301F-11D3-BF4B-00C04F79EFBC}") = "큐스택", "큐스택\큐스택.csproj", "{10B40E28-182E-4C4A-8BAC-9447A0EDE621}"
EndProject
Global
	GlobalSection(SolutionConfigurationPlatforms) = preSolution
		Debug|Any CPU = Debug|Any CPU
		Release|Any CPU = Release|Any CPU
		Debug|iPhoneSimulator = Debug|iPhoneSimulator
		Release|iPhoneSimulator = Release|iPhoneSimulator
		Debug|iPhone = Debug|iPhone
		Release|iPhone = Release|iPhone
	EndGlobalSection
	GlobalSection(ProjectConfigurationPlatforms) = postSolution
		{F787B08B-A9AE-4BE5-8DF7-4CD948E95CE9}.Debug|Any CPU.ActiveCfg = Debug|Any CPU
		{F787B08B-A9AE-4BE5-8DF7-4CD948E95CE9}.Debug|Any CPU.Build.0 = Debug|Any CPU
		{F787B08B-A9AE-4BE5-8DF7-4CD948E95CE9}.Release|Any CPU.ActiveCfg = Release|Any CPU
		{F787B08B-A9AE-4BE5-8DF7-4CD948E95CE9}.Release|Any CPU.Build.0 = Release|Any CPU
		{F787B08B-A9AE-4BE5-8DF7-4CD948E95CE9}.Debug|iPhoneSimulator.ActiveCfg = Debug|Any CPU
		{F787B08B-A9AE-4BE5-8DF7-4CD948E95CE9}.Debug|iPhoneSimulator.Build.0 = Debug|Any CPU
		{F787B08B-A9AE-4BE5-8DF7-4CD948E95CE9}.Release|iPhoneSimulator.ActiveCfg = Release|Any CPU
		{F787B08B-A9AE-4BE5-8DF7-4CD948E95CE9}.Release|iPhoneSimulator.Build.0 = Release|Any CPU
		{F787B08B-A9AE-4BE5-8DF7-4CD948E95CE9}.Debug|iPhone.ActiveCfg = Debug|Any CPU
		{F787B08B-A9AE-4BE5-8DF7-4CD948E95CE9}.Debug|iPhone.Build.0 = Debug|Any CPU
		{F787B08B-A9AE-4BE5-8DF7-4CD948E95CE9}.Release|iPhone.ActiveCfg = Release|Any CPU
		{F787B08B-A9AE-4BE5-8DF7-4CD948E95CE9}.Release|iPhone.Build.0 = Release|Any CPU
		{A7AFF5A4-9D2C-4DC3-A26B-E330F60292C6}.Debug|Any CPU.ActiveCfg = Debug|iPhoneSimulator
		{A7AFF5A4-9D2C-4DC3-A26B-E330F60292C6}.Debug|Any CPU.Build.0 = Debug|iPhoneSimulator
		{A7AFF5A4-9D2C-4DC3-A26B-E330F60292C6}.Release|Any CPU.ActiveCfg = Release|iPhoneSimulator
		{A7AFF5A4-9D2C-4DC3-A26B-E330F60292C6}.Release|Any CPU.Build.0 = Release|iPhoneSimulator
		{A7AFF5A4-9D2C-4DC3-A26B-E330F60292C6}.Debug|iPhoneSimulator.ActiveCfg = Debug|iPhoneSimulator
		{A7AFF5A4-9D2C-4DC3-A26B-E330F60292C6}.Debug|iPhoneSimulator.Build.0 = Debug|iPhoneSimulator
		{A7AFF5A4-9D2C-4DC3-A26B-E330F60292C6}.Release|iPhoneSimulator.ActiveCfg = Release|iPhoneSimulator
		{A7AFF5A4-9D2C-4DC3-A26B-E330F60292C6}.Release|iPhoneSimulator.Build.0 = Release|iPhoneSimulator
		{A7AFF5A4-9D2C-4DC3-A26B-E330F60292C6}.Debug|iPhone.ActiveCfg = Debug|iPhone
		{A7AFF5A4-9D2C-4DC3-A26B-E330F60292C6}.Debug|iPhone.Build.0 = Debug|iPhone
		{A7AFF5A4-9D2C-4DC3-A26B-E330F60292C6}.Release|iPhone.ActiveCfg = Release|iPhone
		{A7AFF5A4-9D2C-4DC3-A26B-E330F60292C6}.Release|iPhone.Build.0 = Release|iPhone
		{10B40E28-182E-4C4A-8BAC-9447A0EDE621}.Debug|Any CPU.ActiveCfg = Debug|Any CPU
		{10B40E28-182E-4C4A-8BAC-9447A0EDE621}.Debug|Any CPU.Build.0 = Debug|Any CPU
		{10B40E28-182E-4C4A-8BAC-9447A0EDE621}.Release|Any CPU.ActiveCfg = Release|Any CPU
		{10B40E28-182E-4C4A-8BAC-9447A0EDE621}.Release|Any CPU.Build.0 = Release|Any CPU
		{10B40E28-182E-4C4A-8BAC-9447A0EDE621}.Debug|iPhoneSimulator.ActiveCfg = Debug|Any CPU
		{10B40E28-182E-4C4A-8BAC-9447A0EDE621}.Debug|iPhoneSimulator.Build.0 = Debug|Any CPU
		{10B40E28-182E-4C4A-8BAC-9447A0EDE621}.Release|iPhoneSimulator.ActiveCfg = Release|Any CPU
		{10B40E28-182E-4C4A-8BAC-9447A0EDE621}.Release|iPhoneSimulator.Build.0 = Release|Any CPU
		{10B40E28-182E-4C4A-8BAC-9447A0EDE621}.Debug|iPhone.ActiveCfg = Debug|Any CPU
		{10B40E28-182E-4C4A-8BAC-9447A0EDE621}.Debug|iPhone.Build.0 = Debug|Any CPU
		{10B40E28-182E-4C4A-8BAC-9447A0EDE621}.Release|iPhone.ActiveCfg = Release|Any CPU
		{10B40E28-182E-4C4A-8BAC-9447A0EDE621}.Release|iPhone.Build.0 = Release|Any CPU
	EndGlobalSection
EndGlobal
